// !$*UTF8*$!
{
	archiveVersion = 1;
	classes = {
	};
	objectVersion = 46;
	objects = {

/* Begin PBXBuildFile section */
		B213D6791F59B9C100DD4BD7 /* JSONRPCKit.framework in Frameworks */ = {isa = PBXBuildFile; fileRef = B213D6771F59B9C100DD4BD7 /* JSONRPCKit.framework */; };
		B213D67A1F59B9C100DD4BD7 /* Result.framework in Frameworks */ = {isa = PBXBuildFile; fileRef = B213D6781F59B9C100DD4BD7 /* Result.framework */; };
		B21F7ACA1F5FF6E900DADD40 /* AddChallengeCell.swift in Sources */ = {isa = PBXBuildFile; fileRef = B21F7AC91F5FF6E900DADD40 /* AddChallengeCell.swift */; };
		B21F7ACC1F5FF72100DADD40 /* AddChallengeCell.xib in Resources */ = {isa = PBXBuildFile; fileRef = B21F7ACB1F5FF72100DADD40 /* AddChallengeCell.xib */; };
		B21F7ACE1F5FF7A300DADD40 /* AddChallengeTextFieldCell.swift in Sources */ = {isa = PBXBuildFile; fileRef = B21F7ACD1F5FF7A300DADD40 /* AddChallengeTextFieldCell.swift */; };
		B21F7AD01F5FF7F300DADD40 /* AddChallengeTextFieldCell.xib in Resources */ = {isa = PBXBuildFile; fileRef = B21F7ACF1F5FF7F300DADD40 /* AddChallengeTextFieldCell.xib */; };
		B21F7AD61F60170400DADD40 /* DateFormatter.swift in Sources */ = {isa = PBXBuildFile; fileRef = B21F7AD51F60170400DADD40 /* DateFormatter.swift */; };
		B21F7AD91F6027C600DADD40 /* AddRoundViewController.swift in Sources */ = {isa = PBXBuildFile; fileRef = B21F7AD81F6027C600DADD40 /* AddRoundViewController.swift */; };
		B21F7ADC1F6030D600DADD40 /* AddExerciseViewController.swift in Sources */ = {isa = PBXBuildFile; fileRef = B21F7ADB1F6030D600DADD40 /* AddExerciseViewController.swift */; };
		B22014DA1EFAB49F00DE66D1 /* CoreMotion.framework in Frameworks */ = {isa = PBXBuildFile; fileRef = B22014D91EFAB49F00DE66D1 /* CoreMotion.framework */; };
		B22014DC1EFAB4AC00DE66D1 /* HealthKit.framework in Frameworks */ = {isa = PBXBuildFile; fileRef = B22014DB1EFAB4AC00DE66D1 /* HealthKit.framework */; };
		B22014DE1EFAB4C500DE66D1 /* libz.tbd in Frameworks */ = {isa = PBXBuildFile; fileRef = B22014DD1EFAB4C500DE66D1 /* libz.tbd */; };
		B22014E01EFAB4D000DE66D1 /* libc++.tbd in Frameworks */ = {isa = PBXBuildFile; fileRef = B22014DF1EFAB4D000DE66D1 /* libc++.tbd */; };
		B22014E21EFAB4FD00DE66D1 /* WatchKit.framework in Frameworks */ = {isa = PBXBuildFile; fileRef = B22014E11EFAB4FD00DE66D1 /* WatchKit.framework */; };
		B22014E41EFAB50600DE66D1 /* AudioToolbox.framework in Frameworks */ = {isa = PBXBuildFile; fileRef = B22014E31EFAB50600DE66D1 /* AudioToolbox.framework */; };
		B22014E61EFAB50F00DE66D1 /* libz.tbd in Frameworks */ = {isa = PBXBuildFile; fileRef = B22014E51EFAB50F00DE66D1 /* libz.tbd */; };
		B22014E81EFAB51900DE66D1 /* WatchConnectivity.framework in Frameworks */ = {isa = PBXBuildFile; fileRef = B22014E71EFAB51900DE66D1 /* WatchConnectivity.framework */; };
		B22014EA1EFAB52300DE66D1 /* CoreLocation.framework in Frameworks */ = {isa = PBXBuildFile; fileRef = B22014E91EFAB52300DE66D1 /* CoreLocation.framework */; };
		B22014EC1EFAB53000DE66D1 /* CoreMotion.framework in Frameworks */ = {isa = PBXBuildFile; fileRef = B22014EB1EFAB53000DE66D1 /* CoreMotion.framework */; };
		B22014EE1EFAB53700DE66D1 /* HealthKit.framework in Frameworks */ = {isa = PBXBuildFile; fileRef = B22014ED1EFAB53700DE66D1 /* HealthKit.framework */; };
		B22014F21EFAB63F00DE66D1 /* libc++.tbd in Frameworks */ = {isa = PBXBuildFile; fileRef = B22014F11EFAB63F00DE66D1 /* libc++.tbd */; };
		B29121C11F0BB3200074EAE8 /* UIView+TableView.swift in Sources */ = {isa = PBXBuildFile; fileRef = B29121C01F0BB3200074EAE8 /* UIView+TableView.swift */; };
		B29452B11EFA900000B9BE57 /* AppDelegate.swift in Sources */ = {isa = PBXBuildFile; fileRef = B29452B01EFA900000B9BE57 /* AppDelegate.swift */; };
		B29452B31EFA900000B9BE57 /* CreateViewController1.swift in Sources */ = {isa = PBXBuildFile; fileRef = B29452B21EFA900000B9BE57 /* CreateViewController1.swift */; };
		B29452B61EFA900000B9BE57 /* Main.storyboard in Resources */ = {isa = PBXBuildFile; fileRef = B29452B41EFA900000B9BE57 /* Main.storyboard */; };
		B29452B81EFA900000B9BE57 /* Assets.xcassets in Resources */ = {isa = PBXBuildFile; fileRef = B29452B71EFA900000B9BE57 /* Assets.xcassets */; };
		B29452BB1EFA900000B9BE57 /* LaunchScreen.storyboard in Resources */ = {isa = PBXBuildFile; fileRef = B29452B91EFA900000B9BE57 /* LaunchScreen.storyboard */; };
		B29452C61EFA900000B9BE57 /* AIRENAMVPTests.swift in Sources */ = {isa = PBXBuildFile; fileRef = B29452C51EFA900000B9BE57 /* AIRENAMVPTests.swift */; };
		B29452CB1EFA900000B9BE57 /* AIRENAMVP WatchKit App.app in Embed Watch Content */ = {isa = PBXBuildFile; fileRef = B29452CA1EFA900000B9BE57 /* AIRENAMVP WatchKit App.app */; };
		B29452D11EFA900000B9BE57 /* Interface.storyboard in Resources */ = {isa = PBXBuildFile; fileRef = B29452CF1EFA900000B9BE57 /* Interface.storyboard */; };
		B29452D31EFA900000B9BE57 /* Assets.xcassets in Resources */ = {isa = PBXBuildFile; fileRef = B29452D21EFA900000B9BE57 /* Assets.xcassets */; };
		B29452DA1EFA900100B9BE57 /* AIRENAMVP WatchKit Extension.appex in Embed App Extensions */ = {isa = PBXBuildFile; fileRef = B29452D91EFA900100B9BE57 /* AIRENAMVP WatchKit Extension.appex */; settings = {ATTRIBUTES = (RemoveHeadersOnCopy, ); }; };
		B29452E11EFA900100B9BE57 /* InterfaceController.swift in Sources */ = {isa = PBXBuildFile; fileRef = B29452E01EFA900100B9BE57 /* InterfaceController.swift */; };
		B29452E31EFA900100B9BE57 /* ExtensionDelegate.swift in Sources */ = {isa = PBXBuildFile; fileRef = B29452E21EFA900100B9BE57 /* ExtensionDelegate.swift */; };
		B29452E51EFA900100B9BE57 /* NotificationController.swift in Sources */ = {isa = PBXBuildFile; fileRef = B29452E41EFA900100B9BE57 /* NotificationController.swift */; };
		B29452E71EFA900100B9BE57 /* Assets.xcassets in Resources */ = {isa = PBXBuildFile; fileRef = B29452E61EFA900100B9BE57 /* Assets.xcassets */; };
		B29452FA1EFA90CE00B9BE57 /* data in Resources */ = {isa = PBXBuildFile; fileRef = B29452F91EFA90CE00B9BE57 /* data */; };
		B29453021EFA919800B9BE57 /* FocusMotion.framework in Frameworks */ = {isa = PBXBuildFile; fileRef = B29453001EFA919800B9BE57 /* FocusMotion.framework */; };
		B29453031EFA919800B9BE57 /* FocusMotionAppleWatch.framework in Frameworks */ = {isa = PBXBuildFile; fileRef = B29453011EFA919800B9BE57 /* FocusMotionAppleWatch.framework */; };
		B29453061EFA91A400B9BE57 /* FocusMotion.framework in Frameworks */ = {isa = PBXBuildFile; fileRef = B29453041EFA91A400B9BE57 /* FocusMotion.framework */; };
		B29453071EFA91A400B9BE57 /* FocusMotionAppleWatch.framework in Frameworks */ = {isa = PBXBuildFile; fileRef = B29453051EFA91A400B9BE57 /* FocusMotionAppleWatch.framework */; };
		B29453081EFAA5DE00B9BE57 /* FocusMotion.framework in Frameworks */ = {isa = PBXBuildFile; fileRef = B29453041EFA91A400B9BE57 /* FocusMotion.framework */; };
		B29453091EFAA5DE00B9BE57 /* FocusMotionAppleWatch.framework in Frameworks */ = {isa = PBXBuildFile; fileRef = B29453051EFA91A400B9BE57 /* FocusMotionAppleWatch.framework */; };
		B2C52C891F5D53200074E6FD /* AddChallengeViewController.swift in Sources */ = {isa = PBXBuildFile; fileRef = B2C52C881F5D53200074E6FD /* AddChallengeViewController.swift */; };
		B2C52C8C1F5D6CFF0074E6FD /* ChallengeStruct.swift in Sources */ = {isa = PBXBuildFile; fileRef = B2C52C8B1F5D6CFF0074E6FD /* ChallengeStruct.swift */; };
		B2C52C8E1F5D70180074E6FD /* AddChallengeViewModel.swift in Sources */ = {isa = PBXBuildFile; fileRef = B2C52C8D1F5D70180074E6FD /* AddChallengeViewModel.swift */; };
		B2E7E1281F0BADD600618D72 /* JoinViewController1.swift in Sources */ = {isa = PBXBuildFile; fileRef = B2E7E1271F0BADD600618D72 /* JoinViewController1.swift */; };
		B2E7E12B1F0BAE0A00618D72 /* JoinViewModel.swift in Sources */ = {isa = PBXBuildFile; fileRef = B2E7E12A1F0BAE0A00618D72 /* JoinViewModel.swift */; };
		B2E7E12F1F0BAEE900618D72 /* JoinCell.swift in Sources */ = {isa = PBXBuildFile; fileRef = B2E7E12E1F0BAEE900618D72 /* JoinCell.swift */; };
		B2E7E1311F0BAEF600618D72 /* JoinCell.xib in Resources */ = {isa = PBXBuildFile; fileRef = B2E7E1301F0BAEF600618D72 /* JoinCell.xib */; };
		B2F6A9F51F56D97400B2481D /* AuthInteractor.swift in Sources */ = {isa = PBXBuildFile; fileRef = B2F6A9EF1F56D97400B2481D /* AuthInteractor.swift */; };
		B2F6A9F61F56D97400B2481D /* AuthModels.swift in Sources */ = {isa = PBXBuildFile; fileRef = B2F6A9F01F56D97400B2481D /* AuthModels.swift */; };
		B2F6A9F71F56D97400B2481D /* AuthPresenter.swift in Sources */ = {isa = PBXBuildFile; fileRef = B2F6A9F11F56D97400B2481D /* AuthPresenter.swift */; };
		B2F6A9F81F56D97400B2481D /* AuthRouter.swift in Sources */ = {isa = PBXBuildFile; fileRef = B2F6A9F21F56D97400B2481D /* AuthRouter.swift */; };
		B2F6A9F91F56D97400B2481D /* AuthViewController.swift in Sources */ = {isa = PBXBuildFile; fileRef = B2F6A9F31F56D97400B2481D /* AuthViewController.swift */; };
		B2F6A9FA1F56D97400B2481D /* AuthWorker.swift in Sources */ = {isa = PBXBuildFile; fileRef = B2F6A9F41F56D97400B2481D /* AuthWorker.swift */; };
		B2F6A9FC1F56D98B00B2481D /* Auth.storyboard in Resources */ = {isa = PBXBuildFile; fileRef = B2F6A9FB1F56D98B00B2481D /* Auth.storyboard */; };
		B2F6AA001F56DB1700B2481D /* AppSettings.swift in Sources */ = {isa = PBXBuildFile; fileRef = B2F6A9FF1F56DB1700B2481D /* AppSettings.swift */; };
		B2F6AA081F56DCA100B2481D /* TabBarInteractor.swift in Sources */ = {isa = PBXBuildFile; fileRef = B2F6AA021F56DCA100B2481D /* TabBarInteractor.swift */; };
		B2F6AA091F56DCA100B2481D /* TabBarModels.swift in Sources */ = {isa = PBXBuildFile; fileRef = B2F6AA031F56DCA100B2481D /* TabBarModels.swift */; };
		B2F6AA0A1F56DCA100B2481D /* TabBarPresenter.swift in Sources */ = {isa = PBXBuildFile; fileRef = B2F6AA041F56DCA100B2481D /* TabBarPresenter.swift */; };
		B2F6AA0B1F56DCA100B2481D /* TabBarRouter.swift in Sources */ = {isa = PBXBuildFile; fileRef = B2F6AA051F56DCA100B2481D /* TabBarRouter.swift */; };
		B2F6AA0C1F56DCA100B2481D /* TabBarViewController.swift in Sources */ = {isa = PBXBuildFile; fileRef = B2F6AA061F56DCA100B2481D /* TabBarViewController.swift */; };
		B2F6AA0D1F56DCA100B2481D /* TabBarWorker.swift in Sources */ = {isa = PBXBuildFile; fileRef = B2F6AA071F56DCA100B2481D /* TabBarWorker.swift */; };
		B2F6AA0F1F56DCB000B2481D /* TabBar.storyboard in Resources */ = {isa = PBXBuildFile; fileRef = B2F6AA0E1F56DCB000B2481D /* TabBar.storyboard */; };
		B2F6AA121F56DCDB00B2481D /* Create.storyboard in Resources */ = {isa = PBXBuildFile; fileRef = B2F6AA111F56DCDB00B2481D /* Create.storyboard */; };
		B2F6AA151F56DCF100B2481D /* Join.storyboard in Resources */ = {isa = PBXBuildFile; fileRef = B2F6AA141F56DCF100B2481D /* Join.storyboard */; };
		B2F6AA181F56DD0F00B2481D /* Wallet.storyboard in Resources */ = {isa = PBXBuildFile; fileRef = B2F6AA171F56DD0F00B2481D /* Wallet.storyboard */; };
		B2F6AA1F1F56DD3800B2481D /* CreateInteractor.swift in Sources */ = {isa = PBXBuildFile; fileRef = B2F6AA191F56DD3800B2481D /* CreateInteractor.swift */; };
		B2F6AA201F56DD3800B2481D /* CreateModels.swift in Sources */ = {isa = PBXBuildFile; fileRef = B2F6AA1A1F56DD3800B2481D /* CreateModels.swift */; };
		B2F6AA211F56DD3800B2481D /* CreatePresenter.swift in Sources */ = {isa = PBXBuildFile; fileRef = B2F6AA1B1F56DD3800B2481D /* CreatePresenter.swift */; };
		B2F6AA221F56DD3800B2481D /* CreateRouter.swift in Sources */ = {isa = PBXBuildFile; fileRef = B2F6AA1C1F56DD3800B2481D /* CreateRouter.swift */; };
		B2F6AA231F56DD3800B2481D /* CreateViewController.swift in Sources */ = {isa = PBXBuildFile; fileRef = B2F6AA1D1F56DD3800B2481D /* CreateViewController.swift */; };
		B2F6AA241F56DD3800B2481D /* CreateWorker.swift in Sources */ = {isa = PBXBuildFile; fileRef = B2F6AA1E1F56DD3800B2481D /* CreateWorker.swift */; };
		B2F6AA2B1F56DD4A00B2481D /* JoinInteractor.swift in Sources */ = {isa = PBXBuildFile; fileRef = B2F6AA251F56DD4A00B2481D /* JoinInteractor.swift */; };
		B2F6AA2C1F56DD4A00B2481D /* JoinModels.swift in Sources */ = {isa = PBXBuildFile; fileRef = B2F6AA261F56DD4A00B2481D /* JoinModels.swift */; };
		B2F6AA2D1F56DD4A00B2481D /* JoinPresenter.swift in Sources */ = {isa = PBXBuildFile; fileRef = B2F6AA271F56DD4A00B2481D /* JoinPresenter.swift */; };
		B2F6AA2E1F56DD4A00B2481D /* JoinRouter.swift in Sources */ = {isa = PBXBuildFile; fileRef = B2F6AA281F56DD4A00B2481D /* JoinRouter.swift */; };
		B2F6AA2F1F56DD4A00B2481D /* JoinViewController.swift in Sources */ = {isa = PBXBuildFile; fileRef = B2F6AA291F56DD4A00B2481D /* JoinViewController.swift */; };
		B2F6AA301F56DD4A00B2481D /* JoinWorker.swift in Sources */ = {isa = PBXBuildFile; fileRef = B2F6AA2A1F56DD4A00B2481D /* JoinWorker.swift */; };
		B2F6AA371F56DD5900B2481D /* WalletInteractor.swift in Sources */ = {isa = PBXBuildFile; fileRef = B2F6AA311F56DD5900B2481D /* WalletInteractor.swift */; };
		B2F6AA381F56DD5900B2481D /* WalletModels.swift in Sources */ = {isa = PBXBuildFile; fileRef = B2F6AA321F56DD5900B2481D /* WalletModels.swift */; };
		B2F6AA391F56DD5900B2481D /* WalletPresenter.swift in Sources */ = {isa = PBXBuildFile; fileRef = B2F6AA331F56DD5900B2481D /* WalletPresenter.swift */; };
		B2F6AA3A1F56DD5900B2481D /* WalletRouter.swift in Sources */ = {isa = PBXBuildFile; fileRef = B2F6AA341F56DD5900B2481D /* WalletRouter.swift */; };
		B2F6AA3B1F56DD5900B2481D /* WalletViewController.swift in Sources */ = {isa = PBXBuildFile; fileRef = B2F6AA351F56DD5900B2481D /* WalletViewController.swift */; };
		B2F6AA3C1F56DD5900B2481D /* WalletWorker.swift in Sources */ = {isa = PBXBuildFile; fileRef = B2F6AA361F56DD5900B2481D /* WalletWorker.swift */; };
/* End PBXBuildFile section */

/* Begin PBXContainerItemProxy section */
		B29452C21EFA900000B9BE57 /* PBXContainerItemProxy */ = {
			isa = PBXContainerItemProxy;
			containerPortal = B29452A51EFA900000B9BE57 /* Project object */;
			proxyType = 1;
			remoteGlobalIDString = B29452AC1EFA900000B9BE57;
			remoteInfo = AIRENAMVP;
		};
		B29452CC1EFA900000B9BE57 /* PBXContainerItemProxy */ = {
			isa = PBXContainerItemProxy;
			containerPortal = B29452A51EFA900000B9BE57 /* Project object */;
			proxyType = 1;
			remoteGlobalIDString = B29452C91EFA900000B9BE57;
			remoteInfo = "AIRENAMVP WatchKit App";
		};
		B29452DB1EFA900100B9BE57 /* PBXContainerItemProxy */ = {
			isa = PBXContainerItemProxy;
			containerPortal = B29452A51EFA900000B9BE57 /* Project object */;
			proxyType = 1;
			remoteGlobalIDString = B29452D81EFA900100B9BE57;
			remoteInfo = "AIRENAMVP WatchKit Extension";
		};
/* End PBXContainerItemProxy section */

/* Begin PBXCopyFilesBuildPhase section */
		B29452EE1EFA900100B9BE57 /* Embed App Extensions */ = {
			isa = PBXCopyFilesBuildPhase;
			buildActionMask = 2147483647;
			dstPath = "";
			dstSubfolderSpec = 13;
			files = (
				B29452DA1EFA900100B9BE57 /* AIRENAMVP WatchKit Extension.appex in Embed App Extensions */,
			);
			name = "Embed App Extensions";
			runOnlyForDeploymentPostprocessing = 0;
		};
		B29452F21EFA900100B9BE57 /* Embed Watch Content */ = {
			isa = PBXCopyFilesBuildPhase;
			buildActionMask = 2147483647;
			dstPath = "$(CONTENTS_FOLDER_PATH)/Watch";
			dstSubfolderSpec = 16;
			files = (
				B29452CB1EFA900000B9BE57 /* AIRENAMVP WatchKit App.app in Embed Watch Content */,
			);
			name = "Embed Watch Content";
			runOnlyForDeploymentPostprocessing = 0;
		};
/* End PBXCopyFilesBuildPhase section */

/* Begin PBXFileReference section */
		B213D6771F59B9C100DD4BD7 /* JSONRPCKit.framework */ = {isa = PBXFileReference; lastKnownFileType = wrapper.framework; name = JSONRPCKit.framework; path = Carthage/Build/iOS/JSONRPCKit.framework; sourceTree = "<group>"; };
		B213D6781F59B9C100DD4BD7 /* Result.framework */ = {isa = PBXFileReference; lastKnownFileType = wrapper.framework; name = Result.framework; path = Carthage/Build/iOS/Result.framework; sourceTree = "<group>"; };
		B21F7AC91F5FF6E900DADD40 /* AddChallengeCell.swift */ = {isa = PBXFileReference; fileEncoding = 4; lastKnownFileType = sourcecode.swift; name = AddChallengeCell.swift; path = Scene/Create/Challenge/Cell/AddChallengeCell.swift; sourceTree = "<group>"; };
		B21F7ACB1F5FF72100DADD40 /* AddChallengeCell.xib */ = {isa = PBXFileReference; fileEncoding = 4; lastKnownFileType = file.xib; name = AddChallengeCell.xib; path = Scene/Create/Challenge/Cell/AddChallengeCell.xib; sourceTree = "<group>"; };
		B21F7ACD1F5FF7A300DADD40 /* AddChallengeTextFieldCell.swift */ = {isa = PBXFileReference; fileEncoding = 4; lastKnownFileType = sourcecode.swift; name = AddChallengeTextFieldCell.swift; path = Scene/Create/Challenge/Cell/AddChallengeTextFieldCell.swift; sourceTree = "<group>"; };
		B21F7ACF1F5FF7F300DADD40 /* AddChallengeTextFieldCell.xib */ = {isa = PBXFileReference; fileEncoding = 4; lastKnownFileType = file.xib; name = AddChallengeTextFieldCell.xib; path = Scene/Create/Challenge/Cell/AddChallengeTextFieldCell.xib; sourceTree = "<group>"; };
		B21F7AD51F60170400DADD40 /* DateFormatter.swift */ = {isa = PBXFileReference; fileEncoding = 4; lastKnownFileType = sourcecode.swift; name = DateFormatter.swift; path = Model/Helper/Formatter/DateFormatter.swift; sourceTree = "<group>"; };
		B21F7AD81F6027C600DADD40 /* AddRoundViewController.swift */ = {isa = PBXFileReference; fileEncoding = 4; lastKnownFileType = sourcecode.swift; name = AddRoundViewController.swift; path = Scene/Create/Round/AddRoundViewController.swift; sourceTree = "<group>"; };
		B21F7ADB1F6030D600DADD40 /* AddExerciseViewController.swift */ = {isa = PBXFileReference; fileEncoding = 4; lastKnownFileType = sourcecode.swift; name = AddExerciseViewController.swift; path = Scene/Create/Exercise/AddExerciseViewController.swift; sourceTree = "<group>"; };
		B22014D91EFAB49F00DE66D1 /* CoreMotion.framework */ = {isa = PBXFileReference; lastKnownFileType = wrapper.framework; name = CoreMotion.framework; path = Platforms/WatchOS.platform/Developer/SDKs/WatchOS4.0.sdk/System/Library/Frameworks/CoreMotion.framework; sourceTree = DEVELOPER_DIR; };
		B22014DB1EFAB4AC00DE66D1 /* HealthKit.framework */ = {isa = PBXFileReference; lastKnownFileType = wrapper.framework; name = HealthKit.framework; path = Platforms/WatchOS.platform/Developer/SDKs/WatchOS4.0.sdk/System/Library/Frameworks/HealthKit.framework; sourceTree = DEVELOPER_DIR; };
		B22014DD1EFAB4C500DE66D1 /* libz.tbd */ = {isa = PBXFileReference; lastKnownFileType = "sourcecode.text-based-dylib-definition"; name = libz.tbd; path = Platforms/WatchOS.platform/Developer/SDKs/WatchOS4.0.sdk/usr/lib/libz.tbd; sourceTree = DEVELOPER_DIR; };
		B22014DF1EFAB4D000DE66D1 /* libc++.tbd */ = {isa = PBXFileReference; lastKnownFileType = "sourcecode.text-based-dylib-definition"; name = "libc++.tbd"; path = "Platforms/WatchOS.platform/Developer/SDKs/WatchOS4.0.sdk/usr/lib/libc++.tbd"; sourceTree = DEVELOPER_DIR; };
		B22014E11EFAB4FD00DE66D1 /* WatchKit.framework */ = {isa = PBXFileReference; lastKnownFileType = wrapper.framework; name = WatchKit.framework; path = System/Library/Frameworks/WatchKit.framework; sourceTree = SDKROOT; };
		B22014E31EFAB50600DE66D1 /* AudioToolbox.framework */ = {isa = PBXFileReference; lastKnownFileType = wrapper.framework; name = AudioToolbox.framework; path = System/Library/Frameworks/AudioToolbox.framework; sourceTree = SDKROOT; };
		B22014E51EFAB50F00DE66D1 /* libz.tbd */ = {isa = PBXFileReference; lastKnownFileType = "sourcecode.text-based-dylib-definition"; name = libz.tbd; path = usr/lib/libz.tbd; sourceTree = SDKROOT; };
		B22014E71EFAB51900DE66D1 /* WatchConnectivity.framework */ = {isa = PBXFileReference; lastKnownFileType = wrapper.framework; name = WatchConnectivity.framework; path = System/Library/Frameworks/WatchConnectivity.framework; sourceTree = SDKROOT; };
		B22014E91EFAB52300DE66D1 /* CoreLocation.framework */ = {isa = PBXFileReference; lastKnownFileType = wrapper.framework; name = CoreLocation.framework; path = System/Library/Frameworks/CoreLocation.framework; sourceTree = SDKROOT; };
		B22014EB1EFAB53000DE66D1 /* CoreMotion.framework */ = {isa = PBXFileReference; lastKnownFileType = wrapper.framework; name = CoreMotion.framework; path = System/Library/Frameworks/CoreMotion.framework; sourceTree = SDKROOT; };
		B22014ED1EFAB53700DE66D1 /* HealthKit.framework */ = {isa = PBXFileReference; lastKnownFileType = wrapper.framework; name = HealthKit.framework; path = System/Library/Frameworks/HealthKit.framework; sourceTree = SDKROOT; };
		B22014EF1EFAB58700DE66D1 /* AIRENAMVP.entitlements */ = {isa = PBXFileReference; lastKnownFileType = text.plist.entitlements; path = AIRENAMVP.entitlements; sourceTree = "<group>"; };
		B22014F01EFAB5A500DE66D1 /* AIRENAMVP WatchKit Extension.entitlements */ = {isa = PBXFileReference; lastKnownFileType = text.plist.entitlements; path = "AIRENAMVP WatchKit Extension.entitlements"; sourceTree = "<group>"; };
		B22014F11EFAB63F00DE66D1 /* libc++.tbd */ = {isa = PBXFileReference; lastKnownFileType = "sourcecode.text-based-dylib-definition"; name = "libc++.tbd"; path = "usr/lib/libc++.tbd"; sourceTree = SDKROOT; };
		B29121C01F0BB3200074EAE8 /* UIView+TableView.swift */ = {isa = PBXFileReference; lastKnownFileType = sourcecode.swift; path = "UIView+TableView.swift"; sourceTree = "<group>"; };
		B29452AD1EFA900000B9BE57 /* AIRENAMVP.app */ = {isa = PBXFileReference; explicitFileType = wrapper.application; includeInIndex = 0; path = AIRENAMVP.app; sourceTree = BUILT_PRODUCTS_DIR; };
		B29452B01EFA900000B9BE57 /* AppDelegate.swift */ = {isa = PBXFileReference; lastKnownFileType = sourcecode.swift; path = AppDelegate.swift; sourceTree = "<group>"; };
		B29452B21EFA900000B9BE57 /* CreateViewController1.swift */ = {isa = PBXFileReference; lastKnownFileType = sourcecode.swift; path = CreateViewController1.swift; sourceTree = "<group>"; };
		B29452B51EFA900000B9BE57 /* Base */ = {isa = PBXFileReference; lastKnownFileType = file.storyboard; name = Base; path = Base.lproj/Main.storyboard; sourceTree = "<group>"; };
		B29452B71EFA900000B9BE57 /* Assets.xcassets */ = {isa = PBXFileReference; lastKnownFileType = folder.assetcatalog; path = Assets.xcassets; sourceTree = "<group>"; };
		B29452BA1EFA900000B9BE57 /* Base */ = {isa = PBXFileReference; lastKnownFileType = file.storyboard; name = Base; path = Base.lproj/LaunchScreen.storyboard; sourceTree = "<group>"; };
		B29452BC1EFA900000B9BE57 /* Info.plist */ = {isa = PBXFileReference; lastKnownFileType = text.plist.xml; path = Info.plist; sourceTree = "<group>"; };
		B29452C11EFA900000B9BE57 /* AIRENAMVPTests.xctest */ = {isa = PBXFileReference; explicitFileType = wrapper.cfbundle; includeInIndex = 0; path = AIRENAMVPTests.xctest; sourceTree = BUILT_PRODUCTS_DIR; };
		B29452C51EFA900000B9BE57 /* AIRENAMVPTests.swift */ = {isa = PBXFileReference; lastKnownFileType = sourcecode.swift; path = AIRENAMVPTests.swift; sourceTree = "<group>"; };
		B29452C71EFA900000B9BE57 /* Info.plist */ = {isa = PBXFileReference; lastKnownFileType = text.plist.xml; path = Info.plist; sourceTree = "<group>"; };
		B29452CA1EFA900000B9BE57 /* AIRENAMVP WatchKit App.app */ = {isa = PBXFileReference; explicitFileType = wrapper.application; includeInIndex = 0; path = "AIRENAMVP WatchKit App.app"; sourceTree = BUILT_PRODUCTS_DIR; };
		B29452D01EFA900000B9BE57 /* Base */ = {isa = PBXFileReference; lastKnownFileType = file.storyboard; name = Base; path = Base.lproj/Interface.storyboard; sourceTree = "<group>"; };
		B29452D21EFA900000B9BE57 /* Assets.xcassets */ = {isa = PBXFileReference; lastKnownFileType = folder.assetcatalog; path = Assets.xcassets; sourceTree = "<group>"; };
		B29452D41EFA900000B9BE57 /* Info.plist */ = {isa = PBXFileReference; lastKnownFileType = text.plist.xml; path = Info.plist; sourceTree = "<group>"; };
		B29452D91EFA900100B9BE57 /* AIRENAMVP WatchKit Extension.appex */ = {isa = PBXFileReference; explicitFileType = "wrapper.app-extension"; includeInIndex = 0; path = "AIRENAMVP WatchKit Extension.appex"; sourceTree = BUILT_PRODUCTS_DIR; };
		B29452DF1EFA900100B9BE57 /* PushNotificationPayload.apns */ = {isa = PBXFileReference; lastKnownFileType = text; path = PushNotificationPayload.apns; sourceTree = "<group>"; };
		B29452E01EFA900100B9BE57 /* InterfaceController.swift */ = {isa = PBXFileReference; lastKnownFileType = sourcecode.swift; path = InterfaceController.swift; sourceTree = "<group>"; };
		B29452E21EFA900100B9BE57 /* ExtensionDelegate.swift */ = {isa = PBXFileReference; lastKnownFileType = sourcecode.swift; path = ExtensionDelegate.swift; sourceTree = "<group>"; };
		B29452E41EFA900100B9BE57 /* NotificationController.swift */ = {isa = PBXFileReference; lastKnownFileType = sourcecode.swift; path = NotificationController.swift; sourceTree = "<group>"; };
		B29452E61EFA900100B9BE57 /* Assets.xcassets */ = {isa = PBXFileReference; lastKnownFileType = folder.assetcatalog; path = Assets.xcassets; sourceTree = "<group>"; };
		B29452E81EFA900100B9BE57 /* Info.plist */ = {isa = PBXFileReference; lastKnownFileType = text.plist.xml; path = Info.plist; sourceTree = "<group>"; };
		B29452F91EFA90CE00B9BE57 /* data */ = {isa = PBXFileReference; lastKnownFileType = folder; name = data; path = AIRENAMVP/data; sourceTree = "<group>"; };
		B29453001EFA919800B9BE57 /* FocusMotion.framework */ = {isa = PBXFileReference; lastKnownFileType = wrapper.framework; name = FocusMotion.framework; path = AIRENAMVP/Frameworks/iOS/FocusMotion.framework; sourceTree = "<group>"; };
		B29453011EFA919800B9BE57 /* FocusMotionAppleWatch.framework */ = {isa = PBXFileReference; lastKnownFileType = wrapper.framework; name = FocusMotionAppleWatch.framework; path = AIRENAMVP/Frameworks/iOS/FocusMotionAppleWatch.framework; sourceTree = "<group>"; };
		B29453041EFA91A400B9BE57 /* FocusMotion.framework */ = {isa = PBXFileReference; lastKnownFileType = wrapper.framework; name = FocusMotion.framework; path = AIRENAMVP/Frameworks/watch/FocusMotion.framework; sourceTree = "<group>"; };
		B29453051EFA91A400B9BE57 /* FocusMotionAppleWatch.framework */ = {isa = PBXFileReference; lastKnownFileType = wrapper.framework; name = FocusMotionAppleWatch.framework; path = AIRENAMVP/Frameworks/watch/FocusMotionAppleWatch.framework; sourceTree = "<group>"; };
		B2C52C881F5D53200074E6FD /* AddChallengeViewController.swift */ = {isa = PBXFileReference; fileEncoding = 4; lastKnownFileType = sourcecode.swift; name = AddChallengeViewController.swift; path = Scene/Create/Challenge/AddChallengeViewController.swift; sourceTree = "<group>"; };
		B2C52C8B1F5D6CFF0074E6FD /* ChallengeStruct.swift */ = {isa = PBXFileReference; fileEncoding = 4; lastKnownFileType = sourcecode.swift; name = ChallengeStruct.swift; path = Model/DTO/ChallengeStruct.swift; sourceTree = "<group>"; };
		B2C52C8D1F5D70180074E6FD /* AddChallengeViewModel.swift */ = {isa = PBXFileReference; fileEncoding = 4; lastKnownFileType = sourcecode.swift; name = AddChallengeViewModel.swift; path = Scene/Create/Challenge/AddChallengeViewModel.swift; sourceTree = "<group>"; };
		B2E7E1271F0BADD600618D72 /* JoinViewController1.swift */ = {isa = PBXFileReference; lastKnownFileType = sourcecode.swift; path = JoinViewController1.swift; sourceTree = "<group>"; };
		B2E7E12A1F0BAE0A00618D72 /* JoinViewModel.swift */ = {isa = PBXFileReference; lastKnownFileType = sourcecode.swift; path = JoinViewModel.swift; sourceTree = "<group>"; };
		B2E7E12E1F0BAEE900618D72 /* JoinCell.swift */ = {isa = PBXFileReference; lastKnownFileType = sourcecode.swift; path = JoinCell.swift; sourceTree = "<group>"; };
		B2E7E1301F0BAEF600618D72 /* JoinCell.xib */ = {isa = PBXFileReference; lastKnownFileType = file.xib; path = JoinCell.xib; sourceTree = "<group>"; };
		B2F6A9EF1F56D97400B2481D /* AuthInteractor.swift */ = {isa = PBXFileReference; fileEncoding = 4; lastKnownFileType = sourcecode.swift; name = AuthInteractor.swift; path = Scene/Auth/AuthInteractor.swift; sourceTree = "<group>"; };
		B2F6A9F01F56D97400B2481D /* AuthModels.swift */ = {isa = PBXFileReference; fileEncoding = 4; lastKnownFileType = sourcecode.swift; name = AuthModels.swift; path = Scene/Auth/AuthModels.swift; sourceTree = "<group>"; };
		B2F6A9F11F56D97400B2481D /* AuthPresenter.swift */ = {isa = PBXFileReference; fileEncoding = 4; lastKnownFileType = sourcecode.swift; name = AuthPresenter.swift; path = Scene/Auth/AuthPresenter.swift; sourceTree = "<group>"; };
		B2F6A9F21F56D97400B2481D /* AuthRouter.swift */ = {isa = PBXFileReference; fileEncoding = 4; lastKnownFileType = sourcecode.swift; name = AuthRouter.swift; path = Scene/Auth/AuthRouter.swift; sourceTree = "<group>"; };
		B2F6A9F31F56D97400B2481D /* AuthViewController.swift */ = {isa = PBXFileReference; fileEncoding = 4; lastKnownFileType = sourcecode.swift; name = AuthViewController.swift; path = Scene/Auth/AuthViewController.swift; sourceTree = "<group>"; };
		B2F6A9F41F56D97400B2481D /* AuthWorker.swift */ = {isa = PBXFileReference; fileEncoding = 4; lastKnownFileType = sourcecode.swift; name = AuthWorker.swift; path = Scene/Auth/AuthWorker.swift; sourceTree = "<group>"; };
		B2F6A9FB1F56D98B00B2481D /* Auth.storyboard */ = {isa = PBXFileReference; fileEncoding = 4; lastKnownFileType = file.storyboard; name = Auth.storyboard; path = Scene/Auth/Auth.storyboard; sourceTree = "<group>"; };
		B2F6A9FF1F56DB1700B2481D /* AppSettings.swift */ = {isa = PBXFileReference; fileEncoding = 4; lastKnownFileType = sourcecode.swift; name = AppSettings.swift; path = Model/Settings/AppSettings.swift; sourceTree = "<group>"; };
		B2F6AA021F56DCA100B2481D /* TabBarInteractor.swift */ = {isa = PBXFileReference; fileEncoding = 4; lastKnownFileType = sourcecode.swift; name = TabBarInteractor.swift; path = Scene/TabBar/TabBarInteractor.swift; sourceTree = "<group>"; };
		B2F6AA031F56DCA100B2481D /* TabBarModels.swift */ = {isa = PBXFileReference; fileEncoding = 4; lastKnownFileType = sourcecode.swift; name = TabBarModels.swift; path = Scene/TabBar/TabBarModels.swift; sourceTree = "<group>"; };
		B2F6AA041F56DCA100B2481D /* TabBarPresenter.swift */ = {isa = PBXFileReference; fileEncoding = 4; lastKnownFileType = sourcecode.swift; name = TabBarPresenter.swift; path = Scene/TabBar/TabBarPresenter.swift; sourceTree = "<group>"; };
		B2F6AA051F56DCA100B2481D /* TabBarRouter.swift */ = {isa = PBXFileReference; fileEncoding = 4; lastKnownFileType = sourcecode.swift; name = TabBarRouter.swift; path = Scene/TabBar/TabBarRouter.swift; sourceTree = "<group>"; };
		B2F6AA061F56DCA100B2481D /* TabBarViewController.swift */ = {isa = PBXFileReference; fileEncoding = 4; lastKnownFileType = sourcecode.swift; name = TabBarViewController.swift; path = Scene/TabBar/TabBarViewController.swift; sourceTree = "<group>"; };
		B2F6AA071F56DCA100B2481D /* TabBarWorker.swift */ = {isa = PBXFileReference; fileEncoding = 4; lastKnownFileType = sourcecode.swift; name = TabBarWorker.swift; path = Scene/TabBar/TabBarWorker.swift; sourceTree = "<group>"; };
		B2F6AA0E1F56DCB000B2481D /* TabBar.storyboard */ = {isa = PBXFileReference; fileEncoding = 4; lastKnownFileType = file.storyboard; name = TabBar.storyboard; path = Scene/TabBar/TabBar.storyboard; sourceTree = "<group>"; };
		B2F6AA111F56DCDB00B2481D /* Create.storyboard */ = {isa = PBXFileReference; fileEncoding = 4; lastKnownFileType = file.storyboard; name = Create.storyboard; path = Scene/Create/Create.storyboard; sourceTree = "<group>"; };
		B2F6AA141F56DCF100B2481D /* Join.storyboard */ = {isa = PBXFileReference; fileEncoding = 4; lastKnownFileType = file.storyboard; name = Join.storyboard; path = Scene/Join/Join.storyboard; sourceTree = "<group>"; };
		B2F6AA171F56DD0F00B2481D /* Wallet.storyboard */ = {isa = PBXFileReference; fileEncoding = 4; lastKnownFileType = file.storyboard; name = Wallet.storyboard; path = Scene/Wallet/Wallet.storyboard; sourceTree = "<group>"; };
		B2F6AA191F56DD3800B2481D /* CreateInteractor.swift */ = {isa = PBXFileReference; fileEncoding = 4; lastKnownFileType = sourcecode.swift; name = CreateInteractor.swift; path = Scene/Create/CreateInteractor.swift; sourceTree = "<group>"; };
		B2F6AA1A1F56DD3800B2481D /* CreateModels.swift */ = {isa = PBXFileReference; fileEncoding = 4; lastKnownFileType = sourcecode.swift; name = CreateModels.swift; path = Scene/Create/CreateModels.swift; sourceTree = "<group>"; };
		B2F6AA1B1F56DD3800B2481D /* CreatePresenter.swift */ = {isa = PBXFileReference; fileEncoding = 4; lastKnownFileType = sourcecode.swift; name = CreatePresenter.swift; path = Scene/Create/CreatePresenter.swift; sourceTree = "<group>"; };
		B2F6AA1C1F56DD3800B2481D /* CreateRouter.swift */ = {isa = PBXFileReference; fileEncoding = 4; lastKnownFileType = sourcecode.swift; name = CreateRouter.swift; path = Scene/Create/CreateRouter.swift; sourceTree = "<group>"; };
		B2F6AA1D1F56DD3800B2481D /* CreateViewController.swift */ = {isa = PBXFileReference; fileEncoding = 4; lastKnownFileType = sourcecode.swift; name = CreateViewController.swift; path = Scene/Create/CreateViewController.swift; sourceTree = "<group>"; };
		B2F6AA1E1F56DD3800B2481D /* CreateWorker.swift */ = {isa = PBXFileReference; fileEncoding = 4; lastKnownFileType = sourcecode.swift; name = CreateWorker.swift; path = Scene/Create/CreateWorker.swift; sourceTree = "<group>"; };
		B2F6AA251F56DD4A00B2481D /* JoinInteractor.swift */ = {isa = PBXFileReference; fileEncoding = 4; lastKnownFileType = sourcecode.swift; name = JoinInteractor.swift; path = Scene/Join/JoinInteractor.swift; sourceTree = "<group>"; };
		B2F6AA261F56DD4A00B2481D /* JoinModels.swift */ = {isa = PBXFileReference; fileEncoding = 4; lastKnownFileType = sourcecode.swift; name = JoinModels.swift; path = Scene/Join/JoinModels.swift; sourceTree = "<group>"; };
		B2F6AA271F56DD4A00B2481D /* JoinPresenter.swift */ = {isa = PBXFileReference; fileEncoding = 4; lastKnownFileType = sourcecode.swift; name = JoinPresenter.swift; path = Scene/Join/JoinPresenter.swift; sourceTree = "<group>"; };
		B2F6AA281F56DD4A00B2481D /* JoinRouter.swift */ = {isa = PBXFileReference; fileEncoding = 4; lastKnownFileType = sourcecode.swift; name = JoinRouter.swift; path = Scene/Join/JoinRouter.swift; sourceTree = "<group>"; };
		B2F6AA291F56DD4A00B2481D /* JoinViewController.swift */ = {isa = PBXFileReference; fileEncoding = 4; lastKnownFileType = sourcecode.swift; name = JoinViewController.swift; path = Scene/Join/JoinViewController.swift; sourceTree = "<group>"; };
		B2F6AA2A1F56DD4A00B2481D /* JoinWorker.swift */ = {isa = PBXFileReference; fileEncoding = 4; lastKnownFileType = sourcecode.swift; name = JoinWorker.swift; path = Scene/Join/JoinWorker.swift; sourceTree = "<group>"; };
		B2F6AA311F56DD5900B2481D /* WalletInteractor.swift */ = {isa = PBXFileReference; fileEncoding = 4; lastKnownFileType = sourcecode.swift; name = WalletInteractor.swift; path = Scene/Wallet/WalletInteractor.swift; sourceTree = "<group>"; };
		B2F6AA321F56DD5900B2481D /* WalletModels.swift */ = {isa = PBXFileReference; fileEncoding = 4; lastKnownFileType = sourcecode.swift; name = WalletModels.swift; path = Scene/Wallet/WalletModels.swift; sourceTree = "<group>"; };
		B2F6AA331F56DD5900B2481D /* WalletPresenter.swift */ = {isa = PBXFileReference; fileEncoding = 4; lastKnownFileType = sourcecode.swift; name = WalletPresenter.swift; path = Scene/Wallet/WalletPresenter.swift; sourceTree = "<group>"; };
		B2F6AA341F56DD5900B2481D /* WalletRouter.swift */ = {isa = PBXFileReference; fileEncoding = 4; lastKnownFileType = sourcecode.swift; name = WalletRouter.swift; path = Scene/Wallet/WalletRouter.swift; sourceTree = "<group>"; };
		B2F6AA351F56DD5900B2481D /* WalletViewController.swift */ = {isa = PBXFileReference; fileEncoding = 4; lastKnownFileType = sourcecode.swift; name = WalletViewController.swift; path = Scene/Wallet/WalletViewController.swift; sourceTree = "<group>"; };
		B2F6AA361F56DD5900B2481D /* WalletWorker.swift */ = {isa = PBXFileReference; fileEncoding = 4; lastKnownFileType = sourcecode.swift; name = WalletWorker.swift; path = Scene/Wallet/WalletWorker.swift; sourceTree = "<group>"; };
/* End PBXFileReference section */

/* Begin PBXFrameworksBuildPhase section */
		B29452AA1EFA900000B9BE57 /* Frameworks */ = {
			isa = PBXFrameworksBuildPhase;
			buildActionMask = 2147483647;
			files = (
				B22014F21EFAB63F00DE66D1 /* libc++.tbd in Frameworks */,
				B22014EE1EFAB53700DE66D1 /* HealthKit.framework in Frameworks */,
				B22014EC1EFAB53000DE66D1 /* CoreMotion.framework in Frameworks */,
				B22014EA1EFAB52300DE66D1 /* CoreLocation.framework in Frameworks */,
				B22014E81EFAB51900DE66D1 /* WatchConnectivity.framework in Frameworks */,
				B22014E61EFAB50F00DE66D1 /* libz.tbd in Frameworks */,
				B22014E41EFAB50600DE66D1 /* AudioToolbox.framework in Frameworks */,
				B213D6791F59B9C100DD4BD7 /* JSONRPCKit.framework in Frameworks */,
				B213D67A1F59B9C100DD4BD7 /* Result.framework in Frameworks */,
				B22014E21EFAB4FD00DE66D1 /* WatchKit.framework in Frameworks */,
				B29453061EFA91A400B9BE57 /* FocusMotion.framework in Frameworks */,
				B29453071EFA91A400B9BE57 /* FocusMotionAppleWatch.framework in Frameworks */,
				B29453021EFA919800B9BE57 /* FocusMotion.framework in Frameworks */,
				B29453031EFA919800B9BE57 /* FocusMotionAppleWatch.framework in Frameworks */,
			);
			runOnlyForDeploymentPostprocessing = 0;
		};
		B29452BE1EFA900000B9BE57 /* Frameworks */ = {
			isa = PBXFrameworksBuildPhase;
			buildActionMask = 2147483647;
			files = (
			);
			runOnlyForDeploymentPostprocessing = 0;
		};
		B29452D61EFA900100B9BE57 /* Frameworks */ = {
			isa = PBXFrameworksBuildPhase;
			buildActionMask = 2147483647;
			files = (
				B22014E01EFAB4D000DE66D1 /* libc++.tbd in Frameworks */,
				B22014DE1EFAB4C500DE66D1 /* libz.tbd in Frameworks */,
				B22014DC1EFAB4AC00DE66D1 /* HealthKit.framework in Frameworks */,
				B22014DA1EFAB49F00DE66D1 /* CoreMotion.framework in Frameworks */,
				B29453081EFAA5DE00B9BE57 /* FocusMotion.framework in Frameworks */,
				B29453091EFAA5DE00B9BE57 /* FocusMotionAppleWatch.framework in Frameworks */,
			);
			runOnlyForDeploymentPostprocessing = 0;
		};
/* End PBXFrameworksBuildPhase section */

/* Begin PBXGroup section */
		B21F7AC81F5FF61900DADD40 /* Cell */ = {
			isa = PBXGroup;
			children = (
				B21F7AC91F5FF6E900DADD40 /* AddChallengeCell.swift */,
				B21F7ACB1F5FF72100DADD40 /* AddChallengeCell.xib */,
				B21F7ACD1F5FF7A300DADD40 /* AddChallengeTextFieldCell.swift */,
				B21F7ACF1F5FF7F300DADD40 /* AddChallengeTextFieldCell.xib */,
			);
			name = Cell;
			sourceTree = "<group>";
		};
		B21F7AD11F5FFAE500DADD40 /* Helper */ = {
			isa = PBXGroup;
			children = (
				B21F7AD21F5FFAF100DADD40 /* Formatter */,
			);
			name = Helper;
			sourceTree = "<group>";
		};
		B21F7AD21F5FFAF100DADD40 /* Formatter */ = {
			isa = PBXGroup;
			children = (
				B21F7AD51F60170400DADD40 /* DateFormatter.swift */,
			);
			name = Formatter;
			sourceTree = "<group>";
		};
		B21F7AD71F60279800DADD40 /* Round */ = {
			isa = PBXGroup;
			children = (
				B21F7AD81F6027C600DADD40 /* AddRoundViewController.swift */,
			);
			name = Round;
			sourceTree = "<group>";
		};
		B21F7ADA1F6030A200DADD40 /* Exercise */ = {
			isa = PBXGroup;
			children = (
				B21F7ADB1F6030D600DADD40 /* AddExerciseViewController.swift */,
			);
			name = Exercise;
			sourceTree = "<group>";
		};
		B29121BF1F0BB3080074EAE8 /* Helper */ = {
			isa = PBXGroup;
			children = (
				B29121C01F0BB3200074EAE8 /* UIView+TableView.swift */,
			);
			path = Helper;
			sourceTree = "<group>";
		};
		B29452A41EFA900000B9BE57 = {
			isa = PBXGroup;
			children = (
				B29452FB1EFA90F300B9BE57 /* Frameworks */,
				B29452F91EFA90CE00B9BE57 /* data */,
				B29452AF1EFA900000B9BE57 /* AIRENAMVP */,
				B29452C41EFA900000B9BE57 /* AIRENAMVPTests */,
				B29452CE1EFA900000B9BE57 /* AIRENAMVP WatchKit App */,
				B29452DD1EFA900100B9BE57 /* AIRENAMVP WatchKit Extension */,
				B29452AE1EFA900000B9BE57 /* Products */,
			);
			sourceTree = "<group>";
		};
		B29452AE1EFA900000B9BE57 /* Products */ = {
			isa = PBXGroup;
			children = (
				B29452AD1EFA900000B9BE57 /* AIRENAMVP.app */,
				B29452C11EFA900000B9BE57 /* AIRENAMVPTests.xctest */,
				B29452CA1EFA900000B9BE57 /* AIRENAMVP WatchKit App.app */,
				B29452D91EFA900100B9BE57 /* AIRENAMVP WatchKit Extension.appex */,
			);
			name = Products;
			sourceTree = "<group>";
		};
		B29452AF1EFA900000B9BE57 /* AIRENAMVP */ = {
			isa = PBXGroup;
			children = (
				B2F6A9FD1F56DAFA00B2481D /* Model */,
				B2F6A9ED1F56D94300B2481D /* Scene */,
				B29121BF1F0BB3080074EAE8 /* Helper */,
				B2E7E1291F0BADF800618D72 /* ViewModel */,
				B2E7E1261F0BAD9400618D72 /* Controller */,
				B22014EF1EFAB58700DE66D1 /* AIRENAMVP.entitlements */,
				B29452B01EFA900000B9BE57 /* AppDelegate.swift */,
				B29452B41EFA900000B9BE57 /* Main.storyboard */,
				B29452B71EFA900000B9BE57 /* Assets.xcassets */,
				B29452B91EFA900000B9BE57 /* LaunchScreen.storyboard */,
				B29452BC1EFA900000B9BE57 /* Info.plist */,
			);
			path = AIRENAMVP;
			sourceTree = "<group>";
		};
		B29452C41EFA900000B9BE57 /* AIRENAMVPTests */ = {
			isa = PBXGroup;
			children = (
				B29452C51EFA900000B9BE57 /* AIRENAMVPTests.swift */,
				B29452C71EFA900000B9BE57 /* Info.plist */,
			);
			path = AIRENAMVPTests;
			sourceTree = "<group>";
		};
		B29452CE1EFA900000B9BE57 /* AIRENAMVP WatchKit App */ = {
			isa = PBXGroup;
			children = (
				B29452CF1EFA900000B9BE57 /* Interface.storyboard */,
				B29452D21EFA900000B9BE57 /* Assets.xcassets */,
				B29452D41EFA900000B9BE57 /* Info.plist */,
			);
			path = "AIRENAMVP WatchKit App";
			sourceTree = "<group>";
		};
		B29452DD1EFA900100B9BE57 /* AIRENAMVP WatchKit Extension */ = {
			isa = PBXGroup;
			children = (
				B22014F01EFAB5A500DE66D1 /* AIRENAMVP WatchKit Extension.entitlements */,
				B29452E01EFA900100B9BE57 /* InterfaceController.swift */,
				B29452E21EFA900100B9BE57 /* ExtensionDelegate.swift */,
				B29452E41EFA900100B9BE57 /* NotificationController.swift */,
				B29452E61EFA900100B9BE57 /* Assets.xcassets */,
				B29452E81EFA900100B9BE57 /* Info.plist */,
				B29452DE1EFA900100B9BE57 /* Supporting Files */,
			);
			path = "AIRENAMVP WatchKit Extension";
			sourceTree = "<group>";
		};
		B29452DE1EFA900100B9BE57 /* Supporting Files */ = {
			isa = PBXGroup;
			children = (
				B29452DF1EFA900100B9BE57 /* PushNotificationPayload.apns */,
			);
			name = "Supporting Files";
			sourceTree = "<group>";
		};
		B29452FB1EFA90F300B9BE57 /* Frameworks */ = {
			isa = PBXGroup;
			children = (
				B213D6771F59B9C100DD4BD7 /* JSONRPCKit.framework */,
				B213D6781F59B9C100DD4BD7 /* Result.framework */,
				B22014F11EFAB63F00DE66D1 /* libc++.tbd */,
				B22014ED1EFAB53700DE66D1 /* HealthKit.framework */,
				B22014EB1EFAB53000DE66D1 /* CoreMotion.framework */,
				B22014E91EFAB52300DE66D1 /* CoreLocation.framework */,
				B22014E71EFAB51900DE66D1 /* WatchConnectivity.framework */,
				B22014E51EFAB50F00DE66D1 /* libz.tbd */,
				B22014E31EFAB50600DE66D1 /* AudioToolbox.framework */,
				B22014E11EFAB4FD00DE66D1 /* WatchKit.framework */,
				B22014DF1EFAB4D000DE66D1 /* libc++.tbd */,
				B22014DD1EFAB4C500DE66D1 /* libz.tbd */,
				B22014DB1EFAB4AC00DE66D1 /* HealthKit.framework */,
				B22014D91EFAB49F00DE66D1 /* CoreMotion.framework */,
				B29453041EFA91A400B9BE57 /* FocusMotion.framework */,
				B29453051EFA91A400B9BE57 /* FocusMotionAppleWatch.framework */,
				B29453001EFA919800B9BE57 /* FocusMotion.framework */,
				B29453011EFA919800B9BE57 /* FocusMotionAppleWatch.framework */,
			);
			name = Frameworks;
			sourceTree = "<group>";
		};
		B2C52C871F5D52A50074E6FD /* Challenge */ = {
			isa = PBXGroup;
			children = (
				B21F7AC81F5FF61900DADD40 /* Cell */,
				B2C52C881F5D53200074E6FD /* AddChallengeViewController.swift */,
				B2C52C8D1F5D70180074E6FD /* AddChallengeViewModel.swift */,
			);
			name = Challenge;
			sourceTree = "<group>";
		};
		B2C52C8A1F5D6CE10074E6FD /* DTO */ = {
			isa = PBXGroup;
			children = (
				B2C52C8B1F5D6CFF0074E6FD /* ChallengeStruct.swift */,
			);
			name = DTO;
			sourceTree = "<group>";
		};
		B2E7E1261F0BAD9400618D72 /* Controller */ = {
			isa = PBXGroup;
			children = (
				B2E7E12C1F0BAED600618D72 /* Join */,
				B29452B21EFA900000B9BE57 /* CreateViewController1.swift */,
			);
			path = Controller;
			sourceTree = "<group>";
		};
		B2E7E1291F0BADF800618D72 /* ViewModel */ = {
			isa = PBXGroup;
			children = (
				B2E7E12A1F0BAE0A00618D72 /* JoinViewModel.swift */,
			);
			path = ViewModel;
			sourceTree = "<group>";
		};
		B2E7E12C1F0BAED600618D72 /* Join */ = {
			isa = PBXGroup;
			children = (
				B2E7E12D1F0BAEDC00618D72 /* Cell */,
				B2E7E1271F0BADD600618D72 /* JoinViewController1.swift */,
			);
			path = Join;
			sourceTree = "<group>";
		};
		B2E7E12D1F0BAEDC00618D72 /* Cell */ = {
			isa = PBXGroup;
			children = (
				B2E7E12E1F0BAEE900618D72 /* JoinCell.swift */,
				B2E7E1301F0BAEF600618D72 /* JoinCell.xib */,
			);
			path = Cell;
			sourceTree = "<group>";
		};
		B2F6A9ED1F56D94300B2481D /* Scene */ = {
			isa = PBXGroup;
			children = (
				B2F6AA161F56DCF500B2481D /* Wallet */,
				B2F6AA131F56DCDE00B2481D /* Join */,
				B2F6AA101F56DCCA00B2481D /* Create */,
				B2F6AA011F56DC7B00B2481D /* Tab */,
				B2F6A9EE1F56D94A00B2481D /* Auth */,
			);
			name = Scene;
			sourceTree = "<group>";
		};
		B2F6A9EE1F56D94A00B2481D /* Auth */ = {
			isa = PBXGroup;
			children = (
				B2F6A9EF1F56D97400B2481D /* AuthInteractor.swift */,
				B2F6A9F01F56D97400B2481D /* AuthModels.swift */,
				B2F6A9F11F56D97400B2481D /* AuthPresenter.swift */,
				B2F6A9F21F56D97400B2481D /* AuthRouter.swift */,
				B2F6A9F31F56D97400B2481D /* AuthViewController.swift */,
				B2F6A9F41F56D97400B2481D /* AuthWorker.swift */,
				B2F6A9FB1F56D98B00B2481D /* Auth.storyboard */,
			);
			name = Auth;
			sourceTree = "<group>";
		};
		B2F6A9FD1F56DAFA00B2481D /* Model */ = {
			isa = PBXGroup;
			children = (
				B21F7AD11F5FFAE500DADD40 /* Helper */,
				B2C52C8A1F5D6CE10074E6FD /* DTO */,
				B2F6A9FE1F56DAFE00B2481D /* Settings */,
			);
			name = Model;
			sourceTree = "<group>";
		};
		B2F6A9FE1F56DAFE00B2481D /* Settings */ = {
			isa = PBXGroup;
			children = (
				B2F6A9FF1F56DB1700B2481D /* AppSettings.swift */,
			);
			name = Settings;
			sourceTree = "<group>";
		};
		B2F6AA011F56DC7B00B2481D /* Tab */ = {
			isa = PBXGroup;
			children = (
				B2F6AA021F56DCA100B2481D /* TabBarInteractor.swift */,
				B2F6AA031F56DCA100B2481D /* TabBarModels.swift */,
				B2F6AA041F56DCA100B2481D /* TabBarPresenter.swift */,
				B2F6AA051F56DCA100B2481D /* TabBarRouter.swift */,
				B2F6AA061F56DCA100B2481D /* TabBarViewController.swift */,
				B2F6AA071F56DCA100B2481D /* TabBarWorker.swift */,
				B2F6AA0E1F56DCB000B2481D /* TabBar.storyboard */,
			);
			name = Tab;
			sourceTree = "<group>";
		};
		B2F6AA101F56DCCA00B2481D /* Create */ = {
			isa = PBXGroup;
			children = (
				B21F7ADA1F6030A200DADD40 /* Exercise */,
				B21F7AD71F60279800DADD40 /* Round */,
				B2C52C871F5D52A50074E6FD /* Challenge */,
				B2F6AA191F56DD3800B2481D /* CreateInteractor.swift */,
				B2F6AA1A1F56DD3800B2481D /* CreateModels.swift */,
				B2F6AA1B1F56DD3800B2481D /* CreatePresenter.swift */,
				B2F6AA1C1F56DD3800B2481D /* CreateRouter.swift */,
				B2F6AA1D1F56DD3800B2481D /* CreateViewController.swift */,
				B2F6AA1E1F56DD3800B2481D /* CreateWorker.swift */,
				B2F6AA111F56DCDB00B2481D /* Create.storyboard */,
			);
			name = Create;
			sourceTree = "<group>";
		};
		B2F6AA131F56DCDE00B2481D /* Join */ = {
			isa = PBXGroup;
			children = (
				B2F6AA251F56DD4A00B2481D /* JoinInteractor.swift */,
				B2F6AA261F56DD4A00B2481D /* JoinModels.swift */,
				B2F6AA271F56DD4A00B2481D /* JoinPresenter.swift */,
				B2F6AA281F56DD4A00B2481D /* JoinRouter.swift */,
				B2F6AA291F56DD4A00B2481D /* JoinViewController.swift */,
				B2F6AA2A1F56DD4A00B2481D /* JoinWorker.swift */,
				B2F6AA141F56DCF100B2481D /* Join.storyboard */,
			);
			name = Join;
			sourceTree = "<group>";
		};
		B2F6AA161F56DCF500B2481D /* Wallet */ = {
			isa = PBXGroup;
			children = (
				B2F6AA311F56DD5900B2481D /* WalletInteractor.swift */,
				B2F6AA321F56DD5900B2481D /* WalletModels.swift */,
				B2F6AA331F56DD5900B2481D /* WalletPresenter.swift */,
				B2F6AA341F56DD5900B2481D /* WalletRouter.swift */,
				B2F6AA351F56DD5900B2481D /* WalletViewController.swift */,
				B2F6AA361F56DD5900B2481D /* WalletWorker.swift */,
				B2F6AA171F56DD0F00B2481D /* Wallet.storyboard */,
			);
			name = Wallet;
			sourceTree = "<group>";
		};
/* End PBXGroup section */

/* Begin PBXNativeTarget section */
		B29452AC1EFA900000B9BE57 /* AIRENAMVP */ = {
			isa = PBXNativeTarget;
			buildConfigurationList = B29452F31EFA900100B9BE57 /* Build configuration list for PBXNativeTarget "AIRENAMVP" */;
			buildPhases = (
				B29452A91EFA900000B9BE57 /* Sources */,
				B29452AA1EFA900000B9BE57 /* Frameworks */,
				B29452AB1EFA900000B9BE57 /* Resources */,
				B29452F21EFA900100B9BE57 /* Embed Watch Content */,
				B213D67B1F59B9E000DD4BD7 /* ShellScript */,
			);
			buildRules = (
			);
			dependencies = (
				B29452CD1EFA900000B9BE57 /* PBXTargetDependency */,
			);
			name = AIRENAMVP;
			productName = AIRENAMVP;
			productReference = B29452AD1EFA900000B9BE57 /* AIRENAMVP.app */;
			productType = "com.apple.product-type.application";
		};
		B29452C01EFA900000B9BE57 /* AIRENAMVPTests */ = {
			isa = PBXNativeTarget;
			buildConfigurationList = B29452F61EFA900100B9BE57 /* Build configuration list for PBXNativeTarget "AIRENAMVPTests" */;
			buildPhases = (
				B29452BD1EFA900000B9BE57 /* Sources */,
				B29452BE1EFA900000B9BE57 /* Frameworks */,
				B29452BF1EFA900000B9BE57 /* Resources */,
			);
			buildRules = (
			);
			dependencies = (
				B29452C31EFA900000B9BE57 /* PBXTargetDependency */,
			);
			name = AIRENAMVPTests;
			productName = AIRENAMVPTests;
			productReference = B29452C11EFA900000B9BE57 /* AIRENAMVPTests.xctest */;
			productType = "com.apple.product-type.bundle.unit-test";
		};
		B29452C91EFA900000B9BE57 /* AIRENAMVP WatchKit App */ = {
			isa = PBXNativeTarget;
			buildConfigurationList = B29452EF1EFA900100B9BE57 /* Build configuration list for PBXNativeTarget "AIRENAMVP WatchKit App" */;
			buildPhases = (
				B29452C81EFA900000B9BE57 /* Resources */,
				B29452EE1EFA900100B9BE57 /* Embed App Extensions */,
			);
			buildRules = (
			);
			dependencies = (
				B29452DC1EFA900100B9BE57 /* PBXTargetDependency */,
			);
			name = "AIRENAMVP WatchKit App";
			productName = "AIRENAMVP WatchKit App";
			productReference = B29452CA1EFA900000B9BE57 /* AIRENAMVP WatchKit App.app */;
			productType = "com.apple.product-type.application.watchapp2";
		};
		B29452D81EFA900100B9BE57 /* AIRENAMVP WatchKit Extension */ = {
			isa = PBXNativeTarget;
			buildConfigurationList = B29452EB1EFA900100B9BE57 /* Build configuration list for PBXNativeTarget "AIRENAMVP WatchKit Extension" */;
			buildPhases = (
				B29452D51EFA900100B9BE57 /* Sources */,
				B29452D61EFA900100B9BE57 /* Frameworks */,
				B29452D71EFA900100B9BE57 /* Resources */,
			);
			buildRules = (
			);
			dependencies = (
			);
			name = "AIRENAMVP WatchKit Extension";
			productName = "AIRENAMVP WatchKit Extension";
			productReference = B29452D91EFA900100B9BE57 /* AIRENAMVP WatchKit Extension.appex */;
			productType = "com.apple.product-type.watchkit2-extension";
		};
/* End PBXNativeTarget section */

/* Begin PBXProject section */
		B29452A51EFA900000B9BE57 /* Project object */ = {
			isa = PBXProject;
			attributes = {
				LastSwiftUpdateCheck = 0830;
				LastUpgradeCheck = 0830;
				ORGANIZATIONNAME = "challengeme llc";
				TargetAttributes = {
					B29452AC1EFA900000B9BE57 = {
						CreatedOnToolsVersion = 8.3.3;
						DevelopmentTeam = 2JRU28287L;
						ProvisioningStyle = Automatic;
						SystemCapabilities = {
							com.apple.BackgroundModes = {
								enabled = 1;
							};
							com.apple.HealthKit = {
								enabled = 1;
							};
						};
					};
					B29452C01EFA900000B9BE57 = {
						CreatedOnToolsVersion = 8.3.3;
						DevelopmentTeam = 2JRU28287L;
						ProvisioningStyle = Automatic;
						TestTargetID = B29452AC1EFA900000B9BE57;
					};
					B29452C91EFA900000B9BE57 = {
						CreatedOnToolsVersion = 8.3.3;
						DevelopmentTeam = 2JRU28287L;
						ProvisioningStyle = Automatic;
					};
					B29452D81EFA900100B9BE57 = {
						CreatedOnToolsVersion = 8.3.3;
						DevelopmentTeam = 2JRU28287L;
						ProvisioningStyle = Automatic;
						SystemCapabilities = {
							com.apple.HealthKit.watchos = {
								enabled = 1;
							};
						};
					};
				};
			};
			buildConfigurationList = B29452A81EFA900000B9BE57 /* Build configuration list for PBXProject "AIRENAMVP" */;
			compatibilityVersion = "Xcode 3.2";
			developmentRegion = English;
			hasScannedForEncodings = 0;
			knownRegions = (
				en,
				Base,
			);
			mainGroup = B29452A41EFA900000B9BE57;
			productRefGroup = B29452AE1EFA900000B9BE57 /* Products */;
			projectDirPath = "";
			projectRoot = "";
			targets = (
				B29452AC1EFA900000B9BE57 /* AIRENAMVP */,
				B29452C01EFA900000B9BE57 /* AIRENAMVPTests */,
				B29452C91EFA900000B9BE57 /* AIRENAMVP WatchKit App */,
				B29452D81EFA900100B9BE57 /* AIRENAMVP WatchKit Extension */,
			);
		};
/* End PBXProject section */

/* Begin PBXResourcesBuildPhase section */
		B29452AB1EFA900000B9BE57 /* Resources */ = {
			isa = PBXResourcesBuildPhase;
			buildActionMask = 2147483647;
			files = (
				B2F6A9FC1F56D98B00B2481D /* Auth.storyboard in Resources */,
				B2F6AA181F56DD0F00B2481D /* Wallet.storyboard in Resources */,
				B29452BB1EFA900000B9BE57 /* LaunchScreen.storyboard in Resources */,
				B29452B81EFA900000B9BE57 /* Assets.xcassets in Resources */,
				B2E7E1311F0BAEF600618D72 /* JoinCell.xib in Resources */,
				B2F6AA121F56DCDB00B2481D /* Create.storyboard in Resources */,
				B29452FA1EFA90CE00B9BE57 /* data in Resources */,
				B2F6AA151F56DCF100B2481D /* Join.storyboard in Resources */,
				B21F7ACC1F5FF72100DADD40 /* AddChallengeCell.xib in Resources */,
				B2F6AA0F1F56DCB000B2481D /* TabBar.storyboard in Resources */,
				B29452B61EFA900000B9BE57 /* Main.storyboard in Resources */,
				B21F7AD01F5FF7F300DADD40 /* AddChallengeTextFieldCell.xib in Resources */,
			);
			runOnlyForDeploymentPostprocessing = 0;
		};
		B29452BF1EFA900000B9BE57 /* Resources */ = {
			isa = PBXResourcesBuildPhase;
			buildActionMask = 2147483647;
			files = (
			);
			runOnlyForDeploymentPostprocessing = 0;
		};
		B29452C81EFA900000B9BE57 /* Resources */ = {
			isa = PBXResourcesBuildPhase;
			buildActionMask = 2147483647;
			files = (
				B29452D31EFA900000B9BE57 /* Assets.xcassets in Resources */,
				B29452D11EFA900000B9BE57 /* Interface.storyboard in Resources */,
			);
			runOnlyForDeploymentPostprocessing = 0;
		};
		B29452D71EFA900100B9BE57 /* Resources */ = {
			isa = PBXResourcesBuildPhase;
			buildActionMask = 2147483647;
			files = (
				B29452E71EFA900100B9BE57 /* Assets.xcassets in Resources */,
			);
			runOnlyForDeploymentPostprocessing = 0;
		};
/* End PBXResourcesBuildPhase section */

/* Begin PBXShellScriptBuildPhase section */
		B213D67B1F59B9E000DD4BD7 /* ShellScript */ = {
			isa = PBXShellScriptBuildPhase;
			buildActionMask = 2147483647;
			files = (
			);
			inputPaths = (
				"$(SRCROOT)/Carthage/Build/iOS/Result.framework",
				"$(SRCROOT)/Carthage/Build/iOS/JSONRPCKit.framework",
			);
			outputPaths = (
			);
			runOnlyForDeploymentPostprocessing = 0;
			shellPath = /bin/sh;
			shellScript = "/usr/local/bin/carthage copy-frameworks";
		};
/* End PBXShellScriptBuildPhase section */

/* Begin PBXSourcesBuildPhase section */
		B29452A91EFA900000B9BE57 /* Sources */ = {
			isa = PBXSourcesBuildPhase;
			buildActionMask = 2147483647;
			files = (
				B2C52C8C1F5D6CFF0074E6FD /* ChallengeStruct.swift in Sources */,
				B2F6AA381F56DD5900B2481D /* WalletModels.swift in Sources */,
				B2F6AA0B1F56DCA100B2481D /* TabBarRouter.swift in Sources */,
				B21F7AD91F6027C600DADD40 /* AddRoundViewController.swift in Sources */,
				B2F6AA201F56DD3800B2481D /* CreateModels.swift in Sources */,
				B2F6AA081F56DCA100B2481D /* TabBarInteractor.swift in Sources */,
				B2F6AA001F56DB1700B2481D /* AppSettings.swift in Sources */,
				B2C52C8E1F5D70180074E6FD /* AddChallengeViewModel.swift in Sources */,
				B2F6AA3B1F56DD5900B2481D /* WalletViewController.swift in Sources */,
				B2F6AA091F56DCA100B2481D /* TabBarModels.swift in Sources */,
				B2F6AA0C1F56DCA100B2481D /* TabBarViewController.swift in Sources */,
				B2F6AA0D1F56DCA100B2481D /* TabBarWorker.swift in Sources */,
				B21F7ADC1F6030D600DADD40 /* AddExerciseViewController.swift in Sources */,
				B2F6A9F91F56D97400B2481D /* AuthViewController.swift in Sources */,
				B2F6AA391F56DD5900B2481D /* WalletPresenter.swift in Sources */,
				B2F6AA231F56DD3800B2481D /* CreateViewController.swift in Sources */,
				B2F6AA0A1F56DCA100B2481D /* TabBarPresenter.swift in Sources */,
				B2F6AA1F1F56DD3800B2481D /* CreateInteractor.swift in Sources */,
				B29121C11F0BB3200074EAE8 /* UIView+TableView.swift in Sources */,
				B2F6A9F61F56D97400B2481D /* AuthModels.swift in Sources */,
				B2F6A9FA1F56D97400B2481D /* AuthWorker.swift in Sources */,
				B2F6AA2D1F56DD4A00B2481D /* JoinPresenter.swift in Sources */,
				B2F6A9F81F56D97400B2481D /* AuthRouter.swift in Sources */,
				B2F6AA301F56DD4A00B2481D /* JoinWorker.swift in Sources */,
				B2F6AA211F56DD3800B2481D /* CreatePresenter.swift in Sources */,
				B2F6AA2E1F56DD4A00B2481D /* JoinRouter.swift in Sources */,
				B29452B31EFA900000B9BE57 /* CreateViewController1.swift in Sources */,
				B2F6AA241F56DD3800B2481D /* CreateWorker.swift in Sources */,
				B21F7ACA1F5FF6E900DADD40 /* AddChallengeCell.swift in Sources */,
				B2F6AA371F56DD5900B2481D /* WalletInteractor.swift in Sources */,
				B2F6AA3C1F56DD5900B2481D /* WalletWorker.swift in Sources */,
				B21F7ACE1F5FF7A300DADD40 /* AddChallengeTextFieldCell.swift in Sources */,
				B2C52C891F5D53200074E6FD /* AddChallengeViewController.swift in Sources */,
				B2F6A9F51F56D97400B2481D /* AuthInteractor.swift in Sources */,
				B2F6A9F71F56D97400B2481D /* AuthPresenter.swift in Sources */,
				B2E7E1281F0BADD600618D72 /* JoinViewController1.swift in Sources */,
				B2E7E12B1F0BAE0A00618D72 /* JoinViewModel.swift in Sources */,
				B2F6AA2B1F56DD4A00B2481D /* JoinInteractor.swift in Sources */,
				B2F6AA3A1F56DD5900B2481D /* WalletRouter.swift in Sources */,
				B21F7AD61F60170400DADD40 /* DateFormatter.swift in Sources */,
				B29452B11EFA900000B9BE57 /* AppDelegate.swift in Sources */,
				B2F6AA2C1F56DD4A00B2481D /* JoinModels.swift in Sources */,
				B2F6AA221F56DD3800B2481D /* CreateRouter.swift in Sources */,
				B2F6AA2F1F56DD4A00B2481D /* JoinViewController.swift in Sources */,
				B2E7E12F1F0BAEE900618D72 /* JoinCell.swift in Sources */,
			);
			runOnlyForDeploymentPostprocessing = 0;
		};
		B29452BD1EFA900000B9BE57 /* Sources */ = {
			isa = PBXSourcesBuildPhase;
			buildActionMask = 2147483647;
			files = (
				B29452C61EFA900000B9BE57 /* AIRENAMVPTests.swift in Sources */,
			);
			runOnlyForDeploymentPostprocessing = 0;
		};
		B29452D51EFA900100B9BE57 /* Sources */ = {
			isa = PBXSourcesBuildPhase;
			buildActionMask = 2147483647;
			files = (
				B29452E51EFA900100B9BE57 /* NotificationController.swift in Sources */,
				B29452E31EFA900100B9BE57 /* ExtensionDelegate.swift in Sources */,
				B29452E11EFA900100B9BE57 /* InterfaceController.swift in Sources */,
			);
			runOnlyForDeploymentPostprocessing = 0;
		};
/* End PBXSourcesBuildPhase section */

/* Begin PBXTargetDependency section */
		B29452C31EFA900000B9BE57 /* PBXTargetDependency */ = {
			isa = PBXTargetDependency;
			target = B29452AC1EFA900000B9BE57 /* AIRENAMVP */;
			targetProxy = B29452C21EFA900000B9BE57 /* PBXContainerItemProxy */;
		};
		B29452CD1EFA900000B9BE57 /* PBXTargetDependency */ = {
			isa = PBXTargetDependency;
			target = B29452C91EFA900000B9BE57 /* AIRENAMVP WatchKit App */;
			targetProxy = B29452CC1EFA900000B9BE57 /* PBXContainerItemProxy */;
		};
		B29452DC1EFA900100B9BE57 /* PBXTargetDependency */ = {
			isa = PBXTargetDependency;
			target = B29452D81EFA900100B9BE57 /* AIRENAMVP WatchKit Extension */;
			targetProxy = B29452DB1EFA900100B9BE57 /* PBXContainerItemProxy */;
		};
/* End PBXTargetDependency section */

/* Begin PBXVariantGroup section */
		B29452B41EFA900000B9BE57 /* Main.storyboard */ = {
			isa = PBXVariantGroup;
			children = (
				B29452B51EFA900000B9BE57 /* Base */,
			);
			name = Main.storyboard;
			sourceTree = "<group>";
		};
		B29452B91EFA900000B9BE57 /* LaunchScreen.storyboard */ = {
			isa = PBXVariantGroup;
			children = (
				B29452BA1EFA900000B9BE57 /* Base */,
			);
			name = LaunchScreen.storyboard;
			sourceTree = "<group>";
		};
		B29452CF1EFA900000B9BE57 /* Interface.storyboard */ = {
			isa = PBXVariantGroup;
			children = (
				B29452D01EFA900000B9BE57 /* Base */,
			);
			name = Interface.storyboard;
			sourceTree = "<group>";
		};
/* End PBXVariantGroup section */

/* Begin XCBuildConfiguration section */
		B29452E91EFA900100B9BE57 /* Debug */ = {
			isa = XCBuildConfiguration;
			buildSettings = {
				ALWAYS_SEARCH_USER_PATHS = NO;
				CLANG_ANALYZER_NONNULL = YES;
				CLANG_ANALYZER_NUMBER_OBJECT_CONVERSION = YES_AGGRESSIVE;
				CLANG_CXX_LANGUAGE_STANDARD = "gnu++0x";
				CLANG_CXX_LIBRARY = "libc++";
				CLANG_ENABLE_MODULES = YES;
				CLANG_ENABLE_OBJC_ARC = YES;
				CLANG_WARN_BOOL_CONVERSION = YES;
				CLANG_WARN_CONSTANT_CONVERSION = YES;
				CLANG_WARN_DIRECT_OBJC_ISA_USAGE = YES_ERROR;
				CLANG_WARN_DOCUMENTATION_COMMENTS = YES;
				CLANG_WARN_EMPTY_BODY = YES;
				CLANG_WARN_ENUM_CONVERSION = YES;
				CLANG_WARN_INFINITE_RECURSION = YES;
				CLANG_WARN_INT_CONVERSION = YES;
				CLANG_WARN_OBJC_ROOT_CLASS = YES_ERROR;
				CLANG_WARN_SUSPICIOUS_MOVE = YES;
				CLANG_WARN_UNREACHABLE_CODE = YES;
				CLANG_WARN__DUPLICATE_METHOD_MATCH = YES;
				"CODE_SIGN_IDENTITY[sdk=iphoneos*]" = "iPhone Developer";
				COPY_PHASE_STRIP = NO;
				DEBUG_INFORMATION_FORMAT = dwarf;
				ENABLE_STRICT_OBJC_MSGSEND = YES;
				ENABLE_TESTABILITY = YES;
				GCC_C_LANGUAGE_STANDARD = gnu99;
				GCC_DYNAMIC_NO_PIC = NO;
				GCC_NO_COMMON_BLOCKS = YES;
				GCC_OPTIMIZATION_LEVEL = 0;
				GCC_PREPROCESSOR_DEFINITIONS = (
					"DEBUG=1",
					"$(inherited)",
				);
				GCC_WARN_64_TO_32_BIT_CONVERSION = YES;
				GCC_WARN_ABOUT_RETURN_TYPE = YES_ERROR;
				GCC_WARN_UNDECLARED_SELECTOR = YES;
				GCC_WARN_UNINITIALIZED_AUTOS = YES_AGGRESSIVE;
				GCC_WARN_UNUSED_FUNCTION = YES;
				GCC_WARN_UNUSED_VARIABLE = YES;
				IPHONEOS_DEPLOYMENT_TARGET = 10.3;
				MTL_ENABLE_DEBUG_INFO = YES;
				ONLY_ACTIVE_ARCH = YES;
				SDKROOT = iphoneos;
				SWIFT_ACTIVE_COMPILATION_CONDITIONS = DEBUG;
				SWIFT_OPTIMIZATION_LEVEL = "-Onone";
			};
			name = Debug;
		};
		B29452EA1EFA900100B9BE57 /* Release */ = {
			isa = XCBuildConfiguration;
			buildSettings = {
				ALWAYS_SEARCH_USER_PATHS = NO;
				CLANG_ANALYZER_NONNULL = YES;
				CLANG_ANALYZER_NUMBER_OBJECT_CONVERSION = YES_AGGRESSIVE;
				CLANG_CXX_LANGUAGE_STANDARD = "gnu++0x";
				CLANG_CXX_LIBRARY = "libc++";
				CLANG_ENABLE_MODULES = YES;
				CLANG_ENABLE_OBJC_ARC = YES;
				CLANG_WARN_BOOL_CONVERSION = YES;
				CLANG_WARN_CONSTANT_CONVERSION = YES;
				CLANG_WARN_DIRECT_OBJC_ISA_USAGE = YES_ERROR;
				CLANG_WARN_DOCUMENTATION_COMMENTS = YES;
				CLANG_WARN_EMPTY_BODY = YES;
				CLANG_WARN_ENUM_CONVERSION = YES;
				CLANG_WARN_INFINITE_RECURSION = YES;
				CLANG_WARN_INT_CONVERSION = YES;
				CLANG_WARN_OBJC_ROOT_CLASS = YES_ERROR;
				CLANG_WARN_SUSPICIOUS_MOVE = YES;
				CLANG_WARN_UNREACHABLE_CODE = YES;
				CLANG_WARN__DUPLICATE_METHOD_MATCH = YES;
				"CODE_SIGN_IDENTITY[sdk=iphoneos*]" = "iPhone Developer";
				COPY_PHASE_STRIP = NO;
				DEBUG_INFORMATION_FORMAT = "dwarf-with-dsym";
				ENABLE_NS_ASSERTIONS = NO;
				ENABLE_STRICT_OBJC_MSGSEND = YES;
				GCC_C_LANGUAGE_STANDARD = gnu99;
				GCC_NO_COMMON_BLOCKS = YES;
				GCC_WARN_64_TO_32_BIT_CONVERSION = YES;
				GCC_WARN_ABOUT_RETURN_TYPE = YES_ERROR;
				GCC_WARN_UNDECLARED_SELECTOR = YES;
				GCC_WARN_UNINITIALIZED_AUTOS = YES_AGGRESSIVE;
				GCC_WARN_UNUSED_FUNCTION = YES;
				GCC_WARN_UNUSED_VARIABLE = YES;
				IPHONEOS_DEPLOYMENT_TARGET = 10.3;
				MTL_ENABLE_DEBUG_INFO = NO;
				SDKROOT = iphoneos;
				SWIFT_OPTIMIZATION_LEVEL = "-Owholemodule";
				VALIDATE_PRODUCT = YES;
			};
			name = Release;
		};
		B29452EC1EFA900100B9BE57 /* Debug */ = {
			isa = XCBuildConfiguration;
			buildSettings = {
				ASSETCATALOG_COMPILER_COMPLICATION_NAME = Complication;
				CODE_SIGN_ENTITLEMENTS = "AIRENAMVP WatchKit Extension/AIRENAMVP WatchKit Extension.entitlements";
				DEVELOPMENT_TEAM = 2JRU28287L;
				FRAMEWORK_SEARCH_PATHS = (
					"$(inherited)",
					"$(PROJECT_DIR)/AIRENAMVP/Frameworks/watch",
				);
				INFOPLIST_FILE = "AIRENAMVP WatchKit Extension/Info.plist";
				LD_RUNPATH_SEARCH_PATHS = "$(inherited) @executable_path/Frameworks @executable_path/../../Frameworks";
				PRODUCT_BUNDLE_IDENTIFIER = com.odessite.AIRENAMVP.watchkitapp.watchkitextension;
				PRODUCT_NAME = "${TARGET_NAME}";
				SDKROOT = watchos;
				SKIP_INSTALL = YES;
				SWIFT_VERSION = 3.0;
				TARGETED_DEVICE_FAMILY = 4;
				WATCHOS_DEPLOYMENT_TARGET = 3.0;
			};
			name = Debug;
		};
		B29452ED1EFA900100B9BE57 /* Release */ = {
			isa = XCBuildConfiguration;
			buildSettings = {
				ASSETCATALOG_COMPILER_COMPLICATION_NAME = Complication;
				CODE_SIGN_ENTITLEMENTS = "AIRENAMVP WatchKit Extension/AIRENAMVP WatchKit Extension.entitlements";
				DEVELOPMENT_TEAM = 2JRU28287L;
				FRAMEWORK_SEARCH_PATHS = (
					"$(inherited)",
					"$(PROJECT_DIR)/AIRENAMVP/Frameworks/watch",
				);
				INFOPLIST_FILE = "AIRENAMVP WatchKit Extension/Info.plist";
				LD_RUNPATH_SEARCH_PATHS = "$(inherited) @executable_path/Frameworks @executable_path/../../Frameworks";
				PRODUCT_BUNDLE_IDENTIFIER = com.odessite.AIRENAMVP.watchkitapp.watchkitextension;
				PRODUCT_NAME = "${TARGET_NAME}";
				SDKROOT = watchos;
				SKIP_INSTALL = YES;
				SWIFT_VERSION = 3.0;
				TARGETED_DEVICE_FAMILY = 4;
				WATCHOS_DEPLOYMENT_TARGET = 3.0;
			};
			name = Release;
		};
		B29452F01EFA900100B9BE57 /* Debug */ = {
			isa = XCBuildConfiguration;
			buildSettings = {
				ALWAYS_EMBED_SWIFT_STANDARD_LIBRARIES = YES;
				ASSETCATALOG_COMPILER_APPICON_NAME = AppIcon;
				DEVELOPMENT_TEAM = 2JRU28287L;
				IBSC_MODULE = AIRENAMVP_WatchKit_Extension;
				INFOPLIST_FILE = "AIRENAMVP WatchKit App/Info.plist";
				PRODUCT_BUNDLE_IDENTIFIER = com.odessite.AIRENAMVP.watchkitapp;
				PRODUCT_NAME = "$(TARGET_NAME)";
				SDKROOT = watchos;
				SKIP_INSTALL = YES;
				SWIFT_VERSION = 3.0;
				TARGETED_DEVICE_FAMILY = 4;
				WATCHOS_DEPLOYMENT_TARGET = 3.2;
			};
			name = Debug;
		};
		B29452F11EFA900100B9BE57 /* Release */ = {
			isa = XCBuildConfiguration;
			buildSettings = {
				ALWAYS_EMBED_SWIFT_STANDARD_LIBRARIES = YES;
				ASSETCATALOG_COMPILER_APPICON_NAME = AppIcon;
				DEVELOPMENT_TEAM = 2JRU28287L;
				IBSC_MODULE = AIRENAMVP_WatchKit_Extension;
				INFOPLIST_FILE = "AIRENAMVP WatchKit App/Info.plist";
				PRODUCT_BUNDLE_IDENTIFIER = com.odessite.AIRENAMVP.watchkitapp;
				PRODUCT_NAME = "$(TARGET_NAME)";
				SDKROOT = watchos;
				SKIP_INSTALL = YES;
				SWIFT_VERSION = 3.0;
				TARGETED_DEVICE_FAMILY = 4;
				WATCHOS_DEPLOYMENT_TARGET = 3.2;
			};
			name = Release;
		};
		B29452F41EFA900100B9BE57 /* Debug */ = {
			isa = XCBuildConfiguration;
			buildSettings = {
				ASSETCATALOG_COMPILER_APPICON_NAME = AppIcon;
				CODE_SIGN_ENTITLEMENTS = AIRENAMVP/AIRENAMVP.entitlements;
				DEVELOPMENT_TEAM = 2JRU28287L;
				ENABLE_BITCODE = NO;
				FRAMEWORK_SEARCH_PATHS = (
					"$(inherited)",
					"$(PROJECT_DIR)/AIRENAMVP/Frameworks/iOS",
					"$(PROJECT_DIR)/AIRENAMVP/Frameworks/watch",
					"$(PROJECT_DIR)/Carthage/Build/iOS",
				);
				INFOPLIST_FILE = AIRENAMVP/Info.plist;
				IPHONEOS_DEPLOYMENT_TARGET = 9.0;
				LD_RUNPATH_SEARCH_PATHS = "$(inherited) @executable_path/Frameworks";
				OTHER_CFLAGS = "-fembed-bitcode";
				PRODUCT_BUNDLE_IDENTIFIER = com.odessite.AIRENAMVP;
				PRODUCT_NAME = "$(TARGET_NAME)";
				SWIFT_VERSION = 3.0;
			};
			name = Debug;
		};
		B29452F51EFA900100B9BE57 /* Release */ = {
			isa = XCBuildConfiguration;
			buildSettings = {
				ASSETCATALOG_COMPILER_APPICON_NAME = AppIcon;
				CODE_SIGN_ENTITLEMENTS = AIRENAMVP/AIRENAMVP.entitlements;
				DEVELOPMENT_TEAM = 2JRU28287L;
				ENABLE_BITCODE = NO;
				FRAMEWORK_SEARCH_PATHS = (
					"$(inherited)",
					"$(PROJECT_DIR)/AIRENAMVP/Frameworks/iOS",
					"$(PROJECT_DIR)/AIRENAMVP/Frameworks/watch",
					"$(PROJECT_DIR)/Carthage/Build/iOS",
				);
				INFOPLIST_FILE = AIRENAMVP/Info.plist;
				IPHONEOS_DEPLOYMENT_TARGET = 9.0;
				LD_RUNPATH_SEARCH_PATHS = "$(inherited) @executable_path/Frameworks";
				OTHER_CFLAGS = "-fembed-bitcode";
				PRODUCT_BUNDLE_IDENTIFIER = com.odessite.AIRENAMVP;
				PRODUCT_NAME = "$(TARGET_NAME)";
				SWIFT_VERSION = 3.0;
			};
			name = Release;
		};
		B29452F71EFA900100B9BE57 /* Debug */ = {
			isa = XCBuildConfiguration;
			buildSettings = {
				ALWAYS_EMBED_SWIFT_STANDARD_LIBRARIES = YES;
				BUNDLE_LOADER = "$(TEST_HOST)";
				DEVELOPMENT_TEAM = 2JRU28287L;
				INFOPLIST_FILE = AIRENAMVPTests/Info.plist;
				LD_RUNPATH_SEARCH_PATHS = "$(inherited) @executable_path/Frameworks @loader_path/Frameworks";
				PRODUCT_BUNDLE_IDENTIFIER = com.odessite.AIRENAMVPTests;
				PRODUCT_NAME = "$(TARGET_NAME)";
				SWIFT_VERSION = 3.0;
				TEST_HOST = "$(BUILT_PRODUCTS_DIR)/AIRENAMVP.app/AIRENAMVP";
			};
			name = Debug;
		};
		B29452F81EFA900100B9BE57 /* Release */ = {
			isa = XCBuildConfiguration;
			buildSettings = {
				ALWAYS_EMBED_SWIFT_STANDARD_LIBRARIES = YES;
				BUNDLE_LOADER = "$(TEST_HOST)";
				DEVELOPMENT_TEAM = 2JRU28287L;
				INFOPLIST_FILE = AIRENAMVPTests/Info.plist;
				LD_RUNPATH_SEARCH_PATHS = "$(inherited) @executable_path/Frameworks @loader_path/Frameworks";
				PRODUCT_BUNDLE_IDENTIFIER = com.odessite.AIRENAMVPTests;
				PRODUCT_NAME = "$(TARGET_NAME)";
				SWIFT_VERSION = 3.0;
				TEST_HOST = "$(BUILT_PRODUCTS_DIR)/AIRENAMVP.app/AIRENAMVP";
			};
			name = Release;
		};
/* End XCBuildConfiguration section */

/* Begin XCConfigurationList section */
		B29452A81EFA900000B9BE57 /* Build configuration list for PBXProject "AIRENAMVP" */ = {
			isa = XCConfigurationList;
			buildConfigurations = (
				B29452E91EFA900100B9BE57 /* Debug */,
				B29452EA1EFA900100B9BE57 /* Release */,
			);
			defaultConfigurationIsVisible = 0;
			defaultConfigurationName = Release;
		};
		B29452EB1EFA900100B9BE57 /* Build configuration list for PBXNativeTarget "AIRENAMVP WatchKit Extension" */ = {
			isa = XCConfigurationList;
			buildConfigurations = (
				B29452EC1EFA900100B9BE57 /* Debug */,
				B29452ED1EFA900100B9BE57 /* Release */,
			);
			defaultConfigurationIsVisible = 0;
			defaultConfigurationName = Release;
		};
		B29452EF1EFA900100B9BE57 /* Build configuration list for PBXNativeTarget "AIRENAMVP WatchKit App" */ = {
			isa = XCConfigurationList;
			buildConfigurations = (
				B29452F01EFA900100B9BE57 /* Debug */,
				B29452F11EFA900100B9BE57 /* Release */,
			);
			defaultConfigurationIsVisible = 0;
			defaultConfigurationName = Release;
		};
		B29452F31EFA900100B9BE57 /* Build configuration list for PBXNativeTarget "AIRENAMVP" */ = {
			isa = XCConfigurationList;
			buildConfigurations = (
				B29452F41EFA900100B9BE57 /* Debug */,
				B29452F51EFA900100B9BE57 /* Release */,
			);
			defaultConfigurationIsVisible = 0;
			defaultConfigurationName = Release;
		};
		B29452F61EFA900100B9BE57 /* Build configuration list for PBXNativeTarget "AIRENAMVPTests" */ = {
			isa = XCConfigurationList;
			buildConfigurations = (
				B29452F71EFA900100B9BE57 /* Debug */,
				B29452F81EFA900100B9BE57 /* Release */,
			);
			defaultConfigurationIsVisible = 0;
			defaultConfigurationName = Release;
		};
/* End XCConfigurationList section */
	};
	rootObject = B29452A51EFA900000B9BE57 /* Project object */;
}
